// !$*UTF8*$!
{
	archiveVersion = 1;
	classes = {
	};
	objectVersion = 55;
	objects = {

/* Begin PBXBuildFile section */
		D6601A4728456EBF00BB639F /* NoteView.swift in Sources */ = {isa = PBXBuildFile; fileRef = D6601A4628456EBF00BB639F /* NoteView.swift */; };
		D66A6ACC284920E1009DB38F /* TagView.swift in Sources */ = {isa = PBXBuildFile; fileRef = D66A6ACB284920E1009DB38F /* TagView.swift */; };
		D66A6ACE28492C4F009DB38F /* TagEditorView.swift in Sources */ = {isa = PBXBuildFile; fileRef = D66A6ACD28492C4F009DB38F /* TagEditorView.swift */; };
		D66A6AD028497193009DB38F /* NoteColorExtension.swift in Sources */ = {isa = PBXBuildFile; fileRef = D66A6ACF28497193009DB38F /* NoteColorExtension.swift */; };
		D66A6AD228497CF2009DB38F /* TagListView.swift in Sources */ = {isa = PBXBuildFile; fileRef = D66A6AD128497CF2009DB38F /* TagListView.swift */; };
		D67E75372847D9FC00150062 /* ListNoteView.swift in Sources */ = {isa = PBXBuildFile; fileRef = D67E75362847D9FC00150062 /* ListNoteView.swift */; };
		D696B3C628440FA00018281D /* noetsiApp.swift in Sources */ = {isa = PBXBuildFile; fileRef = D696B3C528440FA00018281D /* noetsiApp.swift */; };
		D696B3C828440FA00018281D /* WelcomeView.swift in Sources */ = {isa = PBXBuildFile; fileRef = D696B3C728440FA00018281D /* WelcomeView.swift */; };
		D696B3CA28440FA10018281D /* Assets.xcassets in Resources */ = {isa = PBXBuildFile; fileRef = D696B3C928440FA10018281D /* Assets.xcassets */; };
		D696B3CD28440FA10018281D /* Preview Assets.xcassets in Resources */ = {isa = PBXBuildFile; fileRef = D696B3CC28440FA10018281D /* Preview Assets.xcassets */; };
		D696B3F1284420F10018281D /* FirebaseAuth in Frameworks */ = {isa = PBXBuildFile; productRef = D696B3F0284420F10018281D /* FirebaseAuth */; };
		D696B3F3284420F10018281D /* FirebaseFirestore in Frameworks */ = {isa = PBXBuildFile; productRef = D696B3F2284420F10018281D /* FirebaseFirestore */; };
		D696B3F5284421E80018281D /* GoogleService-Info.plist in Resources */ = {isa = PBXBuildFile; fileRef = D696B3F4284421E80018281D /* GoogleService-Info.plist */; };
		D696B3F728444EBB0018281D /* MainView.swift in Sources */ = {isa = PBXBuildFile; fileRef = D696B3F628444EBB0018281D /* MainView.swift */; };
		D6A36B482844DD0500D11E71 /* FirestoreManager.swift in Sources */ = {isa = PBXBuildFile; fileRef = D6A36B472844DD0500D11E71 /* FirestoreManager.swift */; };
		D6A36B4A2844E4E700D11E71 /* Note.swift in Sources */ = {isa = PBXBuildFile; fileRef = D6A36B492844E4E700D11E71 /* Note.swift */; };
		D6ABC5F6284E55C5007170A9 /* ColorPicker.swift in Sources */ = {isa = PBXBuildFile; fileRef = D6ABC5F5284E55C5007170A9 /* ColorPicker.swift */; };
/* End PBXBuildFile section */

/* Begin PBXFileReference section */
		D6601A4628456EBF00BB639F /* NoteView.swift */ = {isa = PBXFileReference; lastKnownFileType = sourcecode.swift; path = NoteView.swift; sourceTree = "<group>"; };
		D66A6ACB284920E1009DB38F /* TagView.swift */ = {isa = PBXFileReference; lastKnownFileType = sourcecode.swift; path = TagView.swift; sourceTree = "<group>"; };
		D66A6ACD28492C4F009DB38F /* TagEditorView.swift */ = {isa = PBXFileReference; lastKnownFileType = sourcecode.swift; path = TagEditorView.swift; sourceTree = "<group>"; };
		D66A6ACF28497193009DB38F /* NoteColorExtension.swift */ = {isa = PBXFileReference; lastKnownFileType = sourcecode.swift; path = NoteColorExtension.swift; sourceTree = "<group>"; };
		D66A6AD128497CF2009DB38F /* TagListView.swift */ = {isa = PBXFileReference; lastKnownFileType = sourcecode.swift; path = TagListView.swift; sourceTree = "<group>"; };
		D67E75362847D9FC00150062 /* ListNoteView.swift */ = {isa = PBXFileReference; lastKnownFileType = sourcecode.swift; path = ListNoteView.swift; sourceTree = "<group>"; };
		D696B3C228440FA00018281D /* noetsi.app */ = {isa = PBXFileReference; explicitFileType = wrapper.application; includeInIndex = 0; path = noetsi.app; sourceTree = BUILT_PRODUCTS_DIR; };
		D696B3C528440FA00018281D /* noetsiApp.swift */ = {isa = PBXFileReference; lastKnownFileType = sourcecode.swift; path = noetsiApp.swift; sourceTree = "<group>"; };
		D696B3C728440FA00018281D /* WelcomeView.swift */ = {isa = PBXFileReference; lastKnownFileType = sourcecode.swift; path = WelcomeView.swift; sourceTree = "<group>"; };
		D696B3C928440FA10018281D /* Assets.xcassets */ = {isa = PBXFileReference; lastKnownFileType = folder.assetcatalog; path = Assets.xcassets; sourceTree = "<group>"; };
		D696B3CC28440FA10018281D /* Preview Assets.xcassets */ = {isa = PBXFileReference; lastKnownFileType = folder.assetcatalog; path = "Preview Assets.xcassets"; sourceTree = "<group>"; };
		D696B3F4284421E80018281D /* GoogleService-Info.plist */ = {isa = PBXFileReference; fileEncoding = 4; lastKnownFileType = text.plist.xml; path = "GoogleService-Info.plist"; sourceTree = "<group>"; };
		D696B3F628444EBB0018281D /* MainView.swift */ = {isa = PBXFileReference; lastKnownFileType = sourcecode.swift; path = MainView.swift; sourceTree = "<group>"; };
		D6A36B472844DD0500D11E71 /* FirestoreManager.swift */ = {isa = PBXFileReference; lastKnownFileType = sourcecode.swift; path = FirestoreManager.swift; sourceTree = "<group>"; };
		D6A36B492844E4E700D11E71 /* Note.swift */ = {isa = PBXFileReference; lastKnownFileType = sourcecode.swift; path = Note.swift; sourceTree = "<group>"; };
		D6ABC5F5284E55C5007170A9 /* ColorPicker.swift */ = {isa = PBXFileReference; lastKnownFileType = sourcecode.swift; path = ColorPicker.swift; sourceTree = "<group>"; };
/* End PBXFileReference section */

/* Begin PBXFrameworksBuildPhase section */
		D696B3BF28440FA00018281D /* Frameworks */ = {
			isa = PBXFrameworksBuildPhase;
			buildActionMask = 2147483647;
			files = (
				D696B3F1284420F10018281D /* FirebaseAuth in Frameworks */,
				D696B3F3284420F10018281D /* FirebaseFirestore in Frameworks */,
			);
			runOnlyForDeploymentPostprocessing = 0;
		};
/* End PBXFrameworksBuildPhase section */

/* Begin PBXGroup section */
		D696B3B928440FA00018281D = {
			isa = PBXGroup;
			children = (
				D696B3C428440FA00018281D /* noetsi */,
				D696B3C328440FA00018281D /* Products */,
			);
			sourceTree = "<group>";
		};
		D696B3C328440FA00018281D /* Products */ = {
			isa = PBXGroup;
			children = (
				D696B3C228440FA00018281D /* noetsi.app */,
			);
			name = Products;
			sourceTree = "<group>";
		};
		D696B3C428440FA00018281D /* noetsi */ = {
			isa = PBXGroup;
			children = (
				D696B3F628444EBB0018281D /* MainView.swift */,
				D696B3C728440FA00018281D /* WelcomeView.swift */,
				D67E75362847D9FC00150062 /* ListNoteView.swift */,
				D66A6AD128497CF2009DB38F /* TagListView.swift */,
				D6ABC5F5284E55C5007170A9 /* ColorPicker.swift */,
				D6601A4628456EBF00BB639F /* NoteView.swift */,
				D66A6ACF28497193009DB38F /* NoteColorExtension.swift */,
				D66A6ACD28492C4F009DB38F /* TagEditorView.swift */,
				D66A6ACB284920E1009DB38F /* TagView.swift */,
				D696B3C528440FA00018281D /* noetsiApp.swift */,
				D6A36B472844DD0500D11E71 /* FirestoreManager.swift */,
				D6A36B492844E4E700D11E71 /* Note.swift */,
				D696B3C928440FA10018281D /* Assets.xcassets */,
				D696B3F4284421E80018281D /* GoogleService-Info.plist */,
				D696B3CB28440FA10018281D /* Preview Content */,
			);
			path = noetsi;
			sourceTree = "<group>";
		};
		D696B3CB28440FA10018281D /* Preview Content */ = {
			isa = PBXGroup;
			children = (
				D696B3CC28440FA10018281D /* Preview Assets.xcassets */,
			);
			path = "Preview Content";
			sourceTree = "<group>";
		};
/* End PBXGroup section */

/* Begin PBXNativeTarget section */
		D696B3C128440FA00018281D /* noetsi */ = {
			isa = PBXNativeTarget;
			buildConfigurationList = D696B3D028440FA10018281D /* Build configuration list for PBXNativeTarget "noetsi" */;
			buildPhases = (
				D696B3BE28440FA00018281D /* Sources */,
				D696B3BF28440FA00018281D /* Frameworks */,
				D696B3C028440FA00018281D /* Resources */,
			);
			buildRules = (
			);
			dependencies = (
			);
			name = noetsi;
			packageProductDependencies = (
				D696B3F0284420F10018281D /* FirebaseAuth */,
				D696B3F2284420F10018281D /* FirebaseFirestore */,
			);
			productName = noetsi;
			productReference = D696B3C228440FA00018281D /* noetsi.app */;
			productType = "com.apple.product-type.application";
		};
/* End PBXNativeTarget section */

/* Begin PBXProject section */
		D696B3BA28440FA00018281D /* Project object */ = {
			isa = PBXProject;
			attributes = {
				BuildIndependentTargetsInParallel = 1;
				LastSwiftUpdateCheck = 1330;
				LastUpgradeCheck = 1330;
				TargetAttributes = {
					D696B3C128440FA00018281D = {
						CreatedOnToolsVersion = 13.3.1;
					};
				};
			};
			buildConfigurationList = D696B3BD28440FA00018281D /* Build configuration list for PBXProject "noetsi" */;
			compatibilityVersion = "Xcode 13.0";
			developmentRegion = en;
			hasScannedForEncodings = 0;
			knownRegions = (
				en,
				Base,
			);
			mainGroup = D696B3B928440FA00018281D;
			packageReferences = (
				D696B3EF284420F10018281D /* XCRemoteSwiftPackageReference "firebase-ios-sdk" */,
			);
			productRefGroup = D696B3C328440FA00018281D /* Products */;
			projectDirPath = "";
			projectRoot = "";
			targets = (
				D696B3C128440FA00018281D /* noetsi */,
			);
		};
/* End PBXProject section */

/* Begin PBXResourcesBuildPhase section */
		D696B3C028440FA00018281D /* Resources */ = {
			isa = PBXResourcesBuildPhase;
			buildActionMask = 2147483647;
			files = (
				D696B3CD28440FA10018281D /* Preview Assets.xcassets in Resources */,
				D696B3CA28440FA10018281D /* Assets.xcassets in Resources */,
				D696B3F5284421E80018281D /* GoogleService-Info.plist in Resources */,
			);
			runOnlyForDeploymentPostprocessing = 0;
		};
/* End PBXResourcesBuildPhase section */

/* Begin PBXSourcesBuildPhase section */
		D696B3BE28440FA00018281D /* Sources */ = {
			isa = PBXSourcesBuildPhase;
			buildActionMask = 2147483647;
			files = (
				D6A36B4A2844E4E700D11E71 /* Note.swift in Sources */,
				D696B3C828440FA00018281D /* WelcomeView.swift in Sources */,
				D6601A4728456EBF00BB639F /* NoteView.swift in Sources */,
				D696B3F728444EBB0018281D /* MainView.swift in Sources */,
				D696B3C628440FA00018281D /* noetsiApp.swift in Sources */,
				D66A6ACE28492C4F009DB38F /* TagEditorView.swift in Sources */,
				D6A36B482844DD0500D11E71 /* FirestoreManager.swift in Sources */,
				D6ABC5F6284E55C5007170A9 /* ColorPicker.swift in Sources */,
				D66A6AD228497CF2009DB38F /* TagListView.swift in Sources */,
				D67E75372847D9FC00150062 /* ListNoteView.swift in Sources */,
				D66A6ACC284920E1009DB38F /* TagView.swift in Sources */,
				D66A6AD028497193009DB38F /* NoteColorExtension.swift in Sources */,
			);
			runOnlyForDeploymentPostprocessing = 0;
		};
/* End PBXSourcesBuildPhase section */

/* Begin XCBuildConfiguration section */
		D696B3CE28440FA10018281D /* Debug */ = {
			isa = XCBuildConfiguration;
			buildSettings = {
				ALWAYS_SEARCH_USER_PATHS = NO;
				CLANG_ANALYZER_NONNULL = YES;
				CLANG_ANALYZER_NUMBER_OBJECT_CONVERSION = YES_AGGRESSIVE;
				CLANG_CXX_LANGUAGE_STANDARD = "gnu++17";
				CLANG_ENABLE_MODULES = YES;
				CLANG_ENABLE_OBJC_ARC = YES;
				CLANG_ENABLE_OBJC_WEAK = YES;
				CLANG_WARN_BLOCK_CAPTURE_AUTORELEASING = YES;
				CLANG_WARN_BOOL_CONVERSION = YES;
				CLANG_WARN_COMMA = YES;
				CLANG_WARN_CONSTANT_CONVERSION = YES;
				CLANG_WARN_DEPRECATED_OBJC_IMPLEMENTATIONS = YES;
				CLANG_WARN_DIRECT_OBJC_ISA_USAGE = YES_ERROR;
				CLANG_WARN_DOCUMENTATION_COMMENTS = YES;
				CLANG_WARN_EMPTY_BODY = YES;
				CLANG_WARN_ENUM_CONVERSION = YES;
				CLANG_WARN_INFINITE_RECURSION = YES;
				CLANG_WARN_INT_CONVERSION = YES;
				CLANG_WARN_NON_LITERAL_NULL_CONVERSION = YES;
				CLANG_WARN_OBJC_IMPLICIT_RETAIN_SELF = YES;
				CLANG_WARN_OBJC_LITERAL_CONVERSION = YES;
				CLANG_WARN_OBJC_ROOT_CLASS = YES_ERROR;
				CLANG_WARN_QUOTED_INCLUDE_IN_FRAMEWORK_HEADER = YES;
				CLANG_WARN_RANGE_LOOP_ANALYSIS = YES;
				CLANG_WARN_STRICT_PROTOTYPES = YES;
				CLANG_WARN_SUSPICIOUS_MOVE = YES;
				CLANG_WARN_UNGUARDED_AVAILABILITY = YES_AGGRESSIVE;
				CLANG_WARN_UNREACHABLE_CODE = YES;
				CLANG_WARN__DUPLICATE_METHOD_MATCH = YES;
				COPY_PHASE_STRIP = NO;
				DEBUG_INFORMATION_FORMAT = dwarf;
				ENABLE_STRICT_OBJC_MSGSEND = YES;
				ENABLE_TESTABILITY = YES;
				GCC_C_LANGUAGE_STANDARD = gnu11;
				GCC_DYNAMIC_NO_PIC = NO;
				GCC_NO_COMMON_BLOCKS = YES;
				GCC_OPTIMIZATION_LEVEL = 0;
				GCC_PREPROCESSOR_DEFINITIONS = (
					"DEBUG=1",
					"$(inherited)",
				);
				GCC_WARN_64_TO_32_BIT_CONVERSION = YES;
				GCC_WARN_ABOUT_RETURN_TYPE = YES_ERROR;
				GCC_WARN_UNDECLARED_SELECTOR = YES;
				GCC_WARN_UNINITIALIZED_AUTOS = YES_AGGRESSIVE;
				GCC_WARN_UNUSED_FUNCTION = YES;
				GCC_WARN_UNUSED_VARIABLE = YES;
				IPHONEOS_DEPLOYMENT_TARGET = 15.4;
				MTL_ENABLE_DEBUG_INFO = INCLUDE_SOURCE;
				MTL_FAST_MATH = YES;
				ONLY_ACTIVE_ARCH = YES;
				SDKROOT = iphoneos;
				SWIFT_ACTIVE_COMPILATION_CONDITIONS = DEBUG;
				SWIFT_OPTIMIZATION_LEVEL = "-Onone";
			};
			name = Debug;
		};
		D696B3CF28440FA10018281D /* Release */ = {
			isa = XCBuildConfiguration;
			buildSettings = {
				ALWAYS_SEARCH_USER_PATHS = NO;
				CLANG_ANALYZER_NONNULL = YES;
				CLANG_ANALYZER_NUMBER_OBJECT_CONVERSION = YES_AGGRESSIVE;
				CLANG_CXX_LANGUAGE_STANDARD = "gnu++17";
				CLANG_ENABLE_MODULES = YES;
				CLANG_ENABLE_OBJC_ARC = YES;
				CLANG_ENABLE_OBJC_WEAK = YES;
				CLANG_WARN_BLOCK_CAPTURE_AUTORELEASING = YES;
				CLANG_WARN_BOOL_CONVERSION = YES;
				CLANG_WARN_COMMA = YES;
				CLANG_WARN_CONSTANT_CONVERSION = YES;
				CLANG_WARN_DEPRECATED_OBJC_IMPLEMENTATIONS = YES;
				CLANG_WARN_DIRECT_OBJC_ISA_USAGE = YES_ERROR;
				CLANG_WARN_DOCUMENTATION_COMMENTS = YES;
				CLANG_WARN_EMPTY_BODY = YES;
				CLANG_WARN_ENUM_CONVERSION = YES;
				CLANG_WARN_INFINITE_RECURSION = YES;
				CLANG_WARN_INT_CONVERSION = YES;
				CLANG_WARN_NON_LITERAL_NULL_CONVERSION = YES;
				CLANG_WARN_OBJC_IMPLICIT_RETAIN_SELF = YES;
				CLANG_WARN_OBJC_LITERAL_CONVERSION = YES;
				CLANG_WARN_OBJC_ROOT_CLASS = YES_ERROR;
				CLANG_WARN_QUOTED_INCLUDE_IN_FRAMEWORK_HEADER = YES;
				CLANG_WARN_RANGE_LOOP_ANALYSIS = YES;
				CLANG_WARN_STRICT_PROTOTYPES = YES;
				CLANG_WARN_SUSPICIOUS_MOVE = YES;
				CLANG_WARN_UNGUARDED_AVAILABILITY = YES_AGGRESSIVE;
				CLANG_WARN_UNREACHABLE_CODE = YES;
				CLANG_WARN__DUPLICATE_METHOD_MATCH = YES;
				COPY_PHASE_STRIP = NO;
				DEBUG_INFORMATION_FORMAT = "dwarf-with-dsym";
				ENABLE_NS_ASSERTIONS = NO;
				ENABLE_STRICT_OBJC_MSGSEND = YES;
				GCC_C_LANGUAGE_STANDARD = gnu11;
				GCC_NO_COMMON_BLOCKS = YES;
				GCC_WARN_64_TO_32_BIT_CONVERSION = YES;
				GCC_WARN_ABOUT_RETURN_TYPE = YES_ERROR;
				GCC_WARN_UNDECLARED_SELECTOR = YES;
				GCC_WARN_UNINITIALIZED_AUTOS = YES_AGGRESSIVE;
				GCC_WARN_UNUSED_FUNCTION = YES;
				GCC_WARN_UNUSED_VARIABLE = YES;
				IPHONEOS_DEPLOYMENT_TARGET = 15.4;
				MTL_ENABLE_DEBUG_INFO = NO;
				MTL_FAST_MATH = YES;
				SDKROOT = iphoneos;
				SWIFT_COMPILATION_MODE = wholemodule;
				SWIFT_OPTIMIZATION_LEVEL = "-O";
				VALIDATE_PRODUCT = YES;
			};
			name = Release;
		};
		D696B3D128440FA10018281D /* Debug */ = {
			isa = XCBuildConfiguration;
			buildSettings = {
				ASSETCATALOG_COMPILER_APPICON_NAME = AppIcon;
				ASSETCATALOG_COMPILER_GLOBAL_ACCENT_COLOR_NAME = AccentColor;
				CODE_SIGN_STYLE = Automatic;
				CURRENT_PROJECT_VERSION = 1;
				DEVELOPMENT_ASSET_PATHS = "\"noetsi/Preview Content\"";
				DEVELOPMENT_TEAM = Q96DAPWJF3;
				ENABLE_PREVIEWS = YES;
				GENERATE_INFOPLIST_FILE = YES;
				INFOPLIST_KEY_UIApplicationSceneManifest_Generation = YES;
				INFOPLIST_KEY_UIApplicationSupportsIndirectInputEvents = YES;
				INFOPLIST_KEY_UILaunchScreen_Generation = YES;
				INFOPLIST_KEY_UISupportedInterfaceOrientations_iPad = "UIInterfaceOrientationPortrait UIInterfaceOrientationPortraitUpsideDown UIInterfaceOrientationLandscapeLeft UIInterfaceOrientationLandscapeRight";
				INFOPLIST_KEY_UISupportedInterfaceOrientations_iPhone = "UIInterfaceOrientationPortrait UIInterfaceOrientationLandscapeLeft UIInterfaceOrientationLandscapeRight";
				LD_RUNPATH_SEARCH_PATHS = (
					"$(inherited)",
					"@executable_path/Frameworks",
				);
				MARKETING_VERSION = 1.0;
				PRODUCT_BUNDLE_IDENTIFIER = pkulik.dev.noetsi;
				PRODUCT_NAME = "$(TARGET_NAME)";
				SWIFT_EMIT_LOC_STRINGS = YES;
				SWIFT_VERSION = 5.0;
				TARGETED_DEVICE_FAMILY = "1,2";
			};
			name = Debug;
		};
		D696B3D228440FA10018281D /* Release */ = {
			isa = XCBuildConfiguration;
			buildSettings = {
				ASSETCATALOG_COMPILER_APPICON_NAME = AppIcon;
				ASSETCATALOG_COMPILER_GLOBAL_ACCENT_COLOR_NAME = AccentColor;
				CODE_SIGN_STYLE = Automatic;
				CURRENT_PROJECT_VERSION = 1;
				DEVELOPMENT_ASSET_PATHS = "\"noetsi/Preview Content\"";
				DEVELOPMENT_TEAM = Q96DAPWJF3;
				ENABLE_PREVIEWS = YES;
				GENERATE_INFOPLIST_FILE = YES;
				INFOPLIST_KEY_UIApplicationSceneManifest_Generation = YES;
				INFOPLIST_KEY_UIApplicationSupportsIndirectInputEvents = YES;
				INFOPLIST_KEY_UILaunchScreen_Generation = YES;
				INFOPLIST_KEY_UISupportedInterfaceOrientations_iPad = "UIInterfaceOrientationPortrait UIInterfaceOrientationPortraitUpsideDown UIInterfaceOrientationLandscapeLeft UIInterfaceOrientationLandscapeRight";
				INFOPLIST_KEY_UISupportedInterfaceOrientations_iPhone = "UIInterfaceOrientationPortrait UIInterfaceOrientationLandscapeLeft UIInterfaceOrientationLandscapeRight";
				LD_RUNPATH_SEARCH_PATHS = (
					"$(inherited)",
					"@executable_path/Frameworks",
				);
				MARKETING_VERSION = 1.0;
				PRODUCT_BUNDLE_IDENTIFIER = pkulik.dev.noetsi;
				PRODUCT_NAME = "$(TARGET_NAME)";
				SWIFT_EMIT_LOC_STRINGS = YES;
				SWIFT_VERSION = 5.0;
				TARGETED_DEVICE_FAMILY = "1,2";
			};
			name = Release;
		};
/* End XCBuildConfiguration section */

/* Begin XCConfigurationList section */
		D696B3BD28440FA00018281D /* Build configuration list for PBXProject "noetsi" */ = {
			isa = XCConfigurationList;
			buildConfigurations = (
				D696B3CE28440FA10018281D /* Debug */,
				D696B3CF28440FA10018281D /* Release */,
			);
			defaultConfigurationIsVisible = 0;
			defaultConfigurationName = Release;
		};
		D696B3D028440FA10018281D /* Build configuration list for PBXNativeTarget "noetsi" */ = {
			isa = XCConfigurationList;
			buildConfigurations = (
				D696B3D128440FA10018281D /* Debug */,
				D696B3D228440FA10018281D /* Release */,
			);
			defaultConfigurationIsVisible = 0;
			defaultConfigurationName = Release;
		};
/* End XCConfigurationList section */

/* Begin XCRemoteSwiftPackageReference section */
		D696B3EF284420F10018281D /* XCRemoteSwiftPackageReference "firebase-ios-sdk" */ = {
			isa = XCRemoteSwiftPackageReference;
			repositoryURL = "https://github.com/firebase/firebase-ios-sdk";
			requirement = {
				branch = master;
				kind = branch;
			};
		};
/* End XCRemoteSwiftPackageReference section */

/* Begin XCSwiftPackageProductDependency section */
		D696B3F0284420F10018281D /* FirebaseAuth */ = {
			isa = XCSwiftPackageProductDependency;
			package = D696B3EF284420F10018281D /* XCRemoteSwiftPackageReference "firebase-ios-sdk" */;
			productName = FirebaseAuth;
		};
		D696B3F2284420F10018281D /* FirebaseFirestore */ = {
			isa = XCSwiftPackageProductDependency;
			package = D696B3EF284420F10018281D /* XCRemoteSwiftPackageReference "firebase-ios-sdk" */;
			productName = FirebaseFirestore;
		};
/* End XCSwiftPackageProductDependency section */
	};
	rootObject = D696B3BA28440FA00018281D /* Project object */;
}
